lockfile_version: '1'
generated_at: '2026-06-24T05:15:51.588071+00:00'
apm_version: 0.20.0
dependencies:
- repo_url: anthropics/skills
  host: github.com
  resolved_commit: 57546260929473d4e0d1c1bb75297be2fdfa1949
  virtual_path: skills/frontend-design
  is_virtual: true
  package_type: claude_skill
  deployed_files:
  - .claude/skills/frontend-design
  - .claude/skills/frontend-design/LICENSE.txt
  - .claude/skills/frontend-design/SKILL.md
  deployed_file_hashes:
    .claude/skills/frontend-design/LICENSE.txt: sha256:0d542e0c8804e39aa7f37eb00da5a762149dc682d7829451287e11b938e94594
    .claude/skills/frontend-design/SKILL.md: sha256:1608ea77fbb6fc30d13a97d12cfa8ebf31358d40f0dd97beed24829d6b3f45dd
  content_hash: sha256:4eabc66183767153e404b39d1b839b1c37f2d82d86f0a0d7e880a579d8d62336
- repo_url: mattpocock/skills
  host: github.com
  resolved_commit: 6eeb81b5fcfeeb5bd531dd47ab2f9f2bbea27461
  virtual_path: skills/productivity/grilling
  is_virtual: true
  package_type: claude_skill
  deployed_files:
  - .claude/skills/grilling
  - .claude/skills/grilling/SKILL.md
  deployed_file_hashes:
    .claude/skills/grilling/SKILL.md: sha256:fe00af3e1815f97c0a7644605479328a726b5cd95ba6ef56a4be2a92fae6c20f
  content_hash: sha256:ef685a6fa0bbe73b05bbd8dc1ec97258191587f07c6aa7dbc9006675ceb8f90f
